
Microsoft Visual Studio Solution File, Format Version 12.00
# Visual Studio Version 17
VisualStudioVersion = 17.7.34221.43
MinimumVisualStudioVersion = 10.0.40219.1
Project("{9A19103F-16F7-4668-BE54-9A1E7A4F7556}") = "Backend", "Backend\Backend.csproj", "{8E243492-7372-47A4-82C3-BA5E28462A68}"
EndProject
Project("{9A19103F-16F7-4668-BE54-9A1E7A4F7556}") = "Frontend", "..\Frontend\Frontend\Frontend.csproj", "{DF82C6EA-C32C-4CE6-9B1D-2B09D1D96D7F}"
EndProject
Global
	GlobalSection(SolutionConfigurationPlatforms) = preSolution
		Debug|Any CPU = Debug|Any CPU
		Release|Any CPU = Release|Any CPU
	EndGlobalSection
	GlobalSection(ProjectConfigurationPlatforms) = postSolution
		{8E243492-7372-47A4-82C3-BA5E28462A68}.Debug|Any CPU.ActiveCfg = Debug|Any CPU
		{8E243492-7372-47A4-82C3-BA5E28462A68}.Debug|Any CPU.Build.0 = Debug|Any CPU
		{8E243492-7372-47A4-82C3-BA5E28462A68}.Release|Any CPU.ActiveCfg = Release|Any CPU
		{8E243492-7372-47A4-82C3-BA5E28462A68}.Release|Any CPU.Build.0 = Release|Any CPU
		{DF82C6EA-C32C-4CE6-9B1D-2B09D1D96D7F}.Debug|Any CPU.ActiveCfg = Debug|Any CPU
		{DF82C6EA-C32C-4CE6-9B1D-2B09D1D96D7F}.Debug|Any CPU.Build.0 = Debug|Any CPU
		{DF82C6EA-C32C-4CE6-9B1D-2B09D1D96D7F}.Release|Any CPU.ActiveCfg = Release|Any CPU
		{DF82C6EA-C32C-4CE6-9B1D-2B09D1D96D7F}.Release|Any CPU.Build.0 = Release|Any CPU
	EndGlobalSection
	GlobalSection(SolutionProperties) = preSolution
		HideSolutionNode = FALSE
	EndGlobalSection
	GlobalSection(ExtensibilityGlobals) = postSolution
		SolutionGuid = {514C7031-3E2A-4D48-B403-C602B1BA054E}
	EndGlobalSection
EndGlobal
